PODS:
  - Alamofire (3.2.1)
  - ObjectMapper (1.1.5)
  - Realm (1.0.0):
    - Realm/Headers (= 1.0.0)
  - Realm/Headers (1.0.0)
  - RealmSwift (1.0.0):
    - Realm (= 1.0.0)

DEPENDENCIES:
  - Alamofire (~> 3.2.1)
  - ObjectMapper (~> 1.1.5)
  - RealmSwift

SPEC CHECKSUMS:
  Alamofire: f11d8624a05f5d39e0c99309b3e600a3ba64298a
  ObjectMapper: 528b1a6677a6acac7747edd508576983e76a9148
  Realm: e15cd8e7c11d3e576f628ba0b7cb855269b4991c
  RealmSwift: 3229306d020d96f83b335f87a0dcbf2cef0e6a2b

PODFILE CHECKSUM: f1454cc8149e99091115a1bb12242b0f0a5552fc

COCOAPODS: 1.0.1
